
Microsoft Visual Studio Solution File, Format Version 12.00
# Visual Studio Version 17
VisualStudioVersion = 17.1.32414.318
MinimumVisualStudioVersion = 10.0.40219.1
Project("{FAE04EC0-301F-11D3-BF4B-00C04F79EFBC}") = "Movie", "Movie.csproj", "{37204506-280B-4CEE-86DF-18176F604D1B}"
EndProject
Global
	GlobalSection(SolutionConfigurationPlatforms) = preSolution
		Debug|Any CPU = Debug|Any CPU
		Release|Any CPU = Release|Any CPU
	EndGlobalSection
	GlobalSection(ProjectConfigurationPlatforms) = postSolution
		{37204506-280B-4CEE-86DF-18176F604D1B}.Debug|Any CPU.ActiveCfg = Debug|Any CPU
		{37204506-280B-4CEE-86DF-18176F604D1B}.Debug|Any CPU.Build.0 = Debug|Any CPU
		{37204506-280B-4CEE-86DF-18176F604D1B}.Release|Any CPU.ActiveCfg = Release|Any CPU
		{37204506-280B-4CEE-86DF-18176F604D1B}.Release|Any CPU.Build.0 = Release|Any CPU
	EndGlobalSection
	GlobalSection(SolutionProperties) = preSolution
		HideSolutionNode = FALSE
	EndGlobalSection
	GlobalSection(ExtensibilityGlobals) = postSolution
		SolutionGuid = {13948A7C-9D58-4B51-85CD-054313181F9B}
	EndGlobalSection
EndGlobal
